// !$*UTF8*$!
{
	archiveVersion = 1;
	classes = {
	};
	objectVersion = 56;
	objects = {

/* Begin PBXBuildFile section */
		B9369297292D6D4900DA9419 /* AppDelegate.swift in Sources */ = {isa = PBXBuildFile; fileRef = B9369296292D6D4900DA9419 /* AppDelegate.swift */; };
		B9369299292D6D4900DA9419 /* SceneDelegate.swift in Sources */ = {isa = PBXBuildFile; fileRef = B9369298292D6D4900DA9419 /* SceneDelegate.swift */; };
		B93692A1292D6D4900DA9419 /* GitHub_Watcher.xcdatamodeld in Sources */ = {isa = PBXBuildFile; fileRef = B936929F292D6D4900DA9419 /* GitHub_Watcher.xcdatamodeld */; };
		B93692A3292D6D4A00DA9419 /* Assets.xcassets in Resources */ = {isa = PBXBuildFile; fileRef = B93692A2292D6D4A00DA9419 /* Assets.xcassets */; };
		B93692A6292D6D4A00DA9419 /* LaunchScreen.storyboard in Resources */ = {isa = PBXBuildFile; fileRef = B93692A4292D6D4A00DA9419 /* LaunchScreen.storyboard */; };
		B950B6622930086D00543BB5 /* FavoritesViewController.swift in Sources */ = {isa = PBXBuildFile; fileRef = B950B6612930086D00543BB5 /* FavoritesViewController.swift */; };
		B950B6642930088800543BB5 /* SearchViewController.swift in Sources */ = {isa = PBXBuildFile; fileRef = B950B6632930088800543BB5 /* SearchViewController.swift */; };
		B950B66629300A9F00543BB5 /* GWTabBarController.swift in Sources */ = {isa = PBXBuildFile; fileRef = B950B66529300A9F00543BB5 /* GWTabBarController.swift */; };
		B950B66B2933755D00543BB5 /* RequestProtocol.swift in Sources */ = {isa = PBXBuildFile; fileRef = B950B66A2933755D00543BB5 /* RequestProtocol.swift */; };
		B950B66D2933756C00543BB5 /* RequestType.swift in Sources */ = {isa = PBXBuildFile; fileRef = B950B66C2933756C00543BB5 /* RequestType.swift */; };
		B950B66F293376AB00543BB5 /* APIConstants.swift in Sources */ = {isa = PBXBuildFile; fileRef = B950B66E293376AB00543BB5 /* APIConstants.swift */; };
		B950B67129337C3200543BB5 /* NetworkError.swift in Sources */ = {isa = PBXBuildFile; fileRef = B950B67029337C3200543BB5 /* NetworkError.swift */; };
		B950B67429339BA700543BB5 /* APIManager.swift in Sources */ = {isa = PBXBuildFile; fileRef = B950B67329339BA700543BB5 /* APIManager.swift */; };
		B950B67629339E5300543BB5 /* RequestManager.swift in Sources */ = {isa = PBXBuildFile; fileRef = B950B67529339E5300543BB5 /* RequestManager.swift */; };
		B950B6792933A05400543BB5 /* DataParser.swift in Sources */ = {isa = PBXBuildFile; fileRef = B950B6782933A05400543BB5 /* DataParser.swift */; };
		B950B67B2933B6BA00543BB5 /* UserRequest.swift in Sources */ = {isa = PBXBuildFile; fileRef = B950B67A2933B6BA00543BB5 /* UserRequest.swift */; };
		B950B67E2933B9A600543BB5 /* User.swift in Sources */ = {isa = PBXBuildFile; fileRef = B950B67D2933B9A600543BB5 /* User.swift */; };
		B950B6802933B9BB00543BB5 /* UserReference.swift in Sources */ = {isa = PBXBuildFile; fileRef = B950B67F2933B9BB00543BB5 /* UserReference.swift */; };
		B950B6912933D21B00543BB5 /* APIManagerMock.swift in Sources */ = {isa = PBXBuildFile; fileRef = B950B6902933D21B00543BB5 /* APIManagerMock.swift */; };
		B950B6952933D94D00543BB5 /* RequestManagerTests.swift in Sources */ = {isa = PBXBuildFile; fileRef = B950B6942933D94D00543BB5 /* RequestManagerTests.swift */; };
		B950B6982933D9D000543BB5 /* FollowersMock.json in Resources */ = {isa = PBXBuildFile; fileRef = B950B6972933D9D000543BB5 /* FollowersMock.json */; };
		B950B69A2935E19D00543BB5 /* FollowersMock.json in Resources */ = {isa = PBXBuildFile; fileRef = B950B6972933D9D000543BB5 /* FollowersMock.json */; };
		B950B69C2935E2AE00543BB5 /* UserInfoMock.json in Resources */ = {isa = PBXBuildFile; fileRef = B950B69B2935E2AE00543BB5 /* UserInfoMock.json */; };
		B950B69D2935E2B100543BB5 /* UserInfoMock.json in Resources */ = {isa = PBXBuildFile; fileRef = B950B69B2935E2AE00543BB5 /* UserInfoMock.json */; };
		B950B69F2935E93300543BB5 /* CreateUrlRequestTests.swift in Sources */ = {isa = PBXBuildFile; fileRef = B950B69E2935E93300543BB5 /* CreateUrlRequestTests.swift */; };
		B950B6A129368E3800543BB5 /* RepositoryRequest.swift in Sources */ = {isa = PBXBuildFile; fileRef = B950B6A029368E3800543BB5 /* RepositoryRequest.swift */; };
		B950B6A52936956B00543BB5 /* Repository.swift in Sources */ = {isa = PBXBuildFile; fileRef = B950B6A42936956B00543BB5 /* Repository.swift */; };
		B950B6A9293697B000543BB5 /* SearchRequest.swift in Sources */ = {isa = PBXBuildFile; fileRef = B950B6A8293697B000543BB5 /* SearchRequest.swift */; };
		B950B6AB293697CE00543BB5 /* SearchResults.swift in Sources */ = {isa = PBXBuildFile; fileRef = B950B6AA293697CE00543BB5 /* SearchResults.swift */; };
		B950B6AD2936A72A00543BB5 /* RepositoryMock.json in Resources */ = {isa = PBXBuildFile; fileRef = B950B6AC2936A72A00543BB5 /* RepositoryMock.json */; };
		B950B6AE2936A72A00543BB5 /* RepositoryMock.json in Resources */ = {isa = PBXBuildFile; fileRef = B950B6AC2936A72A00543BB5 /* RepositoryMock.json */; };
		B950B6B02936A74600543BB5 /* RepositoriesMock.json in Resources */ = {isa = PBXBuildFile; fileRef = B950B6AF2936A74600543BB5 /* RepositoriesMock.json */; };
		B950B6B12936A74600543BB5 /* RepositoriesMock.json in Resources */ = {isa = PBXBuildFile; fileRef = B950B6AF2936A74600543BB5 /* RepositoriesMock.json */; };
		B950B6B32936A75900543BB5 /* SearchUsersMock.json in Resources */ = {isa = PBXBuildFile; fileRef = B950B6B22936A75900543BB5 /* SearchUsersMock.json */; };
		B950B6B42936A75900543BB5 /* SearchUsersMock.json in Resources */ = {isa = PBXBuildFile; fileRef = B950B6B22936A75900543BB5 /* SearchUsersMock.json */; };
		B950B6B62936A77B00543BB5 /* SearchRepositoriesMock.json in Resources */ = {isa = PBXBuildFile; fileRef = B950B6B52936A77B00543BB5 /* SearchRepositoriesMock.json */; };
		B950B6B72936A77B00543BB5 /* SearchRepositoriesMock.json in Resources */ = {isa = PBXBuildFile; fileRef = B950B6B52936A77B00543BB5 /* SearchRepositoriesMock.json */; };
		B950B6BB293885E400543BB5 /* GetRequestMock.swift in Sources */ = {isa = PBXBuildFile; fileRef = B950B6BA293885E400543BB5 /* GetRequestMock.swift */; };
		B950B6BF293BA54A00543BB5 /* GWButton.swift in Sources */ = {isa = PBXBuildFile; fileRef = B950B6BE293BA54A00543BB5 /* GWButton.swift */; };
		B950B6C3293BAC4C00543BB5 /* GWTextfield.swift in Sources */ = {isa = PBXBuildFile; fileRef = B950B6C2293BAC4C00543BB5 /* GWTextfield.swift */; };
		B950B6C7293BAD8100543BB5 /* GWButtonTests.swift in Sources */ = {isa = PBXBuildFile; fileRef = B950B6C6293BAD8100543BB5 /* GWButtonTests.swift */; };
		B950B6C9293BBAD100543BB5 /* GWTextfieldTests.swift in Sources */ = {isa = PBXBuildFile; fileRef = B950B6C8293BBAD100543BB5 /* GWTextfieldTests.swift */; };
		B950B6CB293CD77D00543BB5 /* SearchResultsViewController.swift in Sources */ = {isa = PBXBuildFile; fileRef = B950B6CA293CD77D00543BB5 /* SearchResultsViewController.swift */; };
		B950B6CE293D21F500543BB5 /* Coordinator.swift in Sources */ = {isa = PBXBuildFile; fileRef = B950B6CD293D21F500543BB5 /* Coordinator.swift */; };
		B950B6D0293D22AA00543BB5 /* SearchCoordinator.swift in Sources */ = {isa = PBXBuildFile; fileRef = B950B6CF293D22AA00543BB5 /* SearchCoordinator.swift */; };
		B950B6D2293DDB6700543BB5 /* FavoritesCoordinator.swift in Sources */ = {isa = PBXBuildFile; fileRef = B950B6D1293DDB6700543BB5 /* FavoritesCoordinator.swift */; };
		B950B6D62941237900543BB5 /* UserCell.swift in Sources */ = {isa = PBXBuildFile; fileRef = B950B6D52941237900543BB5 /* UserCell.swift */; };
		B950B6D82941259A00543BB5 /* GWTitleLabel.swift in Sources */ = {isa = PBXBuildFile; fileRef = B950B6D72941259A00543BB5 /* GWTitleLabel.swift */; };
		B950B6DA2941261100543BB5 /* GWTitleLabelTests.swift in Sources */ = {isa = PBXBuildFile; fileRef = B950B6D92941261100543BB5 /* GWTitleLabelTests.swift */; };
		B950B6DC294520AB00543BB5 /* UserDetailViewController.swift in Sources */ = {isa = PBXBuildFile; fileRef = B950B6DB294520AB00543BB5 /* UserDetailViewController.swift */; };
/* End PBXBuildFile section */

/* Begin PBXContainerItemProxy section */
		B950B6892933CA5D00543BB5 /* PBXContainerItemProxy */ = {
			isa = PBXContainerItemProxy;
			containerPortal = B936928B292D6D4900DA9419 /* Project object */;
			proxyType = 1;
			remoteGlobalIDString = B9369292292D6D4900DA9419;
			remoteInfo = "GitHub-Watcher";
		};
/* End PBXContainerItemProxy section */

/* Begin PBXFileReference section */
		B9369293292D6D4900DA9419 /* GitHub-Watcher.app */ = {isa = PBXFileReference; explicitFileType = wrapper.application; includeInIndex = 0; path = "GitHub-Watcher.app"; sourceTree = BUILT_PRODUCTS_DIR; };
		B9369296292D6D4900DA9419 /* AppDelegate.swift */ = {isa = PBXFileReference; lastKnownFileType = sourcecode.swift; path = AppDelegate.swift; sourceTree = "<group>"; };
		B9369298292D6D4900DA9419 /* SceneDelegate.swift */ = {isa = PBXFileReference; lastKnownFileType = sourcecode.swift; path = SceneDelegate.swift; sourceTree = "<group>"; };
		B93692A0292D6D4900DA9419 /* GitHub_Watcher.xcdatamodel */ = {isa = PBXFileReference; lastKnownFileType = wrapper.xcdatamodel; path = GitHub_Watcher.xcdatamodel; sourceTree = "<group>"; };
		B93692A2292D6D4A00DA9419 /* Assets.xcassets */ = {isa = PBXFileReference; lastKnownFileType = folder.assetcatalog; path = Assets.xcassets; sourceTree = "<group>"; };
		B93692A5292D6D4A00DA9419 /* Base */ = {isa = PBXFileReference; lastKnownFileType = file.storyboard; name = Base; path = Base.lproj/LaunchScreen.storyboard; sourceTree = "<group>"; };
		B93692A7292D6D4A00DA9419 /* Info.plist */ = {isa = PBXFileReference; lastKnownFileType = text.plist.xml; path = Info.plist; sourceTree = "<group>"; };
		B950B6612930086D00543BB5 /* FavoritesViewController.swift */ = {isa = PBXFileReference; lastKnownFileType = sourcecode.swift; path = FavoritesViewController.swift; sourceTree = "<group>"; };
		B950B6632930088800543BB5 /* SearchViewController.swift */ = {isa = PBXFileReference; lastKnownFileType = sourcecode.swift; path = SearchViewController.swift; sourceTree = "<group>"; };
		B950B66529300A9F00543BB5 /* GWTabBarController.swift */ = {isa = PBXFileReference; lastKnownFileType = sourcecode.swift; path = GWTabBarController.swift; sourceTree = "<group>"; };
		B950B66A2933755D00543BB5 /* RequestProtocol.swift */ = {isa = PBXFileReference; lastKnownFileType = sourcecode.swift; path = RequestProtocol.swift; sourceTree = "<group>"; };
		B950B66C2933756C00543BB5 /* RequestType.swift */ = {isa = PBXFileReference; lastKnownFileType = sourcecode.swift; path = RequestType.swift; sourceTree = "<group>"; };
		B950B66E293376AB00543BB5 /* APIConstants.swift */ = {isa = PBXFileReference; lastKnownFileType = sourcecode.swift; path = APIConstants.swift; sourceTree = "<group>"; };
		B950B67029337C3200543BB5 /* NetworkError.swift */ = {isa = PBXFileReference; lastKnownFileType = sourcecode.swift; path = NetworkError.swift; sourceTree = "<group>"; };
		B950B67329339BA700543BB5 /* APIManager.swift */ = {isa = PBXFileReference; lastKnownFileType = sourcecode.swift; path = APIManager.swift; sourceTree = "<group>"; };
		B950B67529339E5300543BB5 /* RequestManager.swift */ = {isa = PBXFileReference; lastKnownFileType = sourcecode.swift; path = RequestManager.swift; sourceTree = "<group>"; };
		B950B6782933A05400543BB5 /* DataParser.swift */ = {isa = PBXFileReference; lastKnownFileType = sourcecode.swift; path = DataParser.swift; sourceTree = "<group>"; };
		B950B67A2933B6BA00543BB5 /* UserRequest.swift */ = {isa = PBXFileReference; lastKnownFileType = sourcecode.swift; path = UserRequest.swift; sourceTree = "<group>"; };
		B950B67D2933B9A600543BB5 /* User.swift */ = {isa = PBXFileReference; lastKnownFileType = sourcecode.swift; path = User.swift; sourceTree = "<group>"; };
		B950B67F2933B9BB00543BB5 /* UserReference.swift */ = {isa = PBXFileReference; lastKnownFileType = sourcecode.swift; path = UserReference.swift; sourceTree = "<group>"; };
		B950B6852933CA5D00543BB5 /* GitHub-WatcherTests.xctest */ = {isa = PBXFileReference; explicitFileType = wrapper.cfbundle; includeInIndex = 0; path = "GitHub-WatcherTests.xctest"; sourceTree = BUILT_PRODUCTS_DIR; };
		B950B6902933D21B00543BB5 /* APIManagerMock.swift */ = {isa = PBXFileReference; lastKnownFileType = sourcecode.swift; path = APIManagerMock.swift; sourceTree = "<group>"; };
		B950B6942933D94D00543BB5 /* RequestManagerTests.swift */ = {isa = PBXFileReference; lastKnownFileType = sourcecode.swift; path = RequestManagerTests.swift; sourceTree = "<group>"; };
		B950B6972933D9D000543BB5 /* FollowersMock.json */ = {isa = PBXFileReference; lastKnownFileType = text.json; path = FollowersMock.json; sourceTree = "<group>"; };
		B950B69B2935E2AE00543BB5 /* UserInfoMock.json */ = {isa = PBXFileReference; lastKnownFileType = text.json; path = UserInfoMock.json; sourceTree = "<group>"; };
		B950B69E2935E93300543BB5 /* CreateUrlRequestTests.swift */ = {isa = PBXFileReference; lastKnownFileType = sourcecode.swift; path = CreateUrlRequestTests.swift; sourceTree = "<group>"; };
		B950B6A029368E3800543BB5 /* RepositoryRequest.swift */ = {isa = PBXFileReference; lastKnownFileType = sourcecode.swift; path = RepositoryRequest.swift; sourceTree = "<group>"; };
		B950B6A42936956B00543BB5 /* Repository.swift */ = {isa = PBXFileReference; lastKnownFileType = sourcecode.swift; path = Repository.swift; sourceTree = "<group>"; };
		B950B6A8293697B000543BB5 /* SearchRequest.swift */ = {isa = PBXFileReference; lastKnownFileType = sourcecode.swift; path = SearchRequest.swift; sourceTree = "<group>"; };
		B950B6AA293697CE00543BB5 /* SearchResults.swift */ = {isa = PBXFileReference; lastKnownFileType = sourcecode.swift; path = SearchResults.swift; sourceTree = "<group>"; };
		B950B6AC2936A72A00543BB5 /* RepositoryMock.json */ = {isa = PBXFileReference; lastKnownFileType = text.json; path = RepositoryMock.json; sourceTree = "<group>"; };
		B950B6AF2936A74600543BB5 /* RepositoriesMock.json */ = {isa = PBXFileReference; lastKnownFileType = text.json; path = RepositoriesMock.json; sourceTree = "<group>"; };
		B950B6B22936A75900543BB5 /* SearchUsersMock.json */ = {isa = PBXFileReference; lastKnownFileType = text.json; path = SearchUsersMock.json; sourceTree = "<group>"; };
		B950B6B52936A77B00543BB5 /* SearchRepositoriesMock.json */ = {isa = PBXFileReference; lastKnownFileType = text.json; path = SearchRepositoriesMock.json; sourceTree = "<group>"; };
		B950B6BA293885E400543BB5 /* GetRequestMock.swift */ = {isa = PBXFileReference; lastKnownFileType = sourcecode.swift; path = GetRequestMock.swift; sourceTree = "<group>"; };
		B950B6BE293BA54A00543BB5 /* GWButton.swift */ = {isa = PBXFileReference; lastKnownFileType = sourcecode.swift; path = GWButton.swift; sourceTree = "<group>"; };
		B950B6C2293BAC4C00543BB5 /* GWTextfield.swift */ = {isa = PBXFileReference; lastKnownFileType = sourcecode.swift; path = GWTextfield.swift; sourceTree = "<group>"; };
		B950B6C6293BAD8100543BB5 /* GWButtonTests.swift */ = {isa = PBXFileReference; lastKnownFileType = sourcecode.swift; path = GWButtonTests.swift; sourceTree = "<group>"; };
		B950B6C8293BBAD100543BB5 /* GWTextfieldTests.swift */ = {isa = PBXFileReference; lastKnownFileType = sourcecode.swift; path = GWTextfieldTests.swift; sourceTree = "<group>"; };
		B950B6CA293CD77D00543BB5 /* SearchResultsViewController.swift */ = {isa = PBXFileReference; lastKnownFileType = sourcecode.swift; path = SearchResultsViewController.swift; sourceTree = "<group>"; };
		B950B6CD293D21F500543BB5 /* Coordinator.swift */ = {isa = PBXFileReference; lastKnownFileType = sourcecode.swift; path = Coordinator.swift; sourceTree = "<group>"; };
		B950B6CF293D22AA00543BB5 /* SearchCoordinator.swift */ = {isa = PBXFileReference; lastKnownFileType = sourcecode.swift; path = SearchCoordinator.swift; sourceTree = "<group>"; };
		B950B6D1293DDB6700543BB5 /* FavoritesCoordinator.swift */ = {isa = PBXFileReference; lastKnownFileType = sourcecode.swift; path = FavoritesCoordinator.swift; sourceTree = "<group>"; };
		B950B6D52941237900543BB5 /* UserCell.swift */ = {isa = PBXFileReference; lastKnownFileType = sourcecode.swift; path = UserCell.swift; sourceTree = "<group>"; };
		B950B6D72941259A00543BB5 /* GWTitleLabel.swift */ = {isa = PBXFileReference; lastKnownFileType = sourcecode.swift; path = GWTitleLabel.swift; sourceTree = "<group>"; };
		B950B6D92941261100543BB5 /* GWTitleLabelTests.swift */ = {isa = PBXFileReference; lastKnownFileType = sourcecode.swift; path = GWTitleLabelTests.swift; sourceTree = "<group>"; };
		B950B6DB294520AB00543BB5 /* UserDetailViewController.swift */ = {isa = PBXFileReference; lastKnownFileType = sourcecode.swift; path = UserDetailViewController.swift; sourceTree = "<group>"; };
/* End PBXFileReference section */

/* Begin PBXFrameworksBuildPhase section */
		B9369290292D6D4900DA9419 /* Frameworks */ = {
			isa = PBXFrameworksBuildPhase;
			buildActionMask = 2147483647;
			files = (
			);
			runOnlyForDeploymentPostprocessing = 0;
		};
		B950B6822933CA5C00543BB5 /* Frameworks */ = {
			isa = PBXFrameworksBuildPhase;
			buildActionMask = 2147483647;
			files = (
			);
			runOnlyForDeploymentPostprocessing = 0;
		};
/* End PBXFrameworksBuildPhase section */

/* Begin PBXGroup section */
		B936928A292D6D4900DA9419 = {
			isa = PBXGroup;
			children = (
				B9369295292D6D4900DA9419 /* GitHub-Watcher */,
				B950B6862933CA5D00543BB5 /* GitHub-WatcherTests */,
				B9369294292D6D4900DA9419 /* Products */,
			);
			sourceTree = "<group>";
		};
		B9369294292D6D4900DA9419 /* Products */ = {
			isa = PBXGroup;
			children = (
				B9369293292D6D4900DA9419 /* GitHub-Watcher.app */,
				B950B6852933CA5D00543BB5 /* GitHub-WatcherTests.xctest */,
			);
			name = Products;
			sourceTree = "<group>";
		};
		B9369295292D6D4900DA9419 /* GitHub-Watcher */ = {
			isa = PBXGroup;
			children = (
				B950B6CC293D21D100543BB5 /* Coordinator */,
				B950B6BD293BA4E800543BB5 /* Views */,
				B950B6BC293BA4D500543BB5 /* Screens */,
				B950B67C2933B97000543BB5 /* Model */,
				B950B669293374C700543BB5 /* Network */,
				B9369296292D6D4900DA9419 /* AppDelegate.swift */,
				B9369298292D6D4900DA9419 /* SceneDelegate.swift */,
				B950B66529300A9F00543BB5 /* GWTabBarController.swift */,
				B93692A2292D6D4A00DA9419 /* Assets.xcassets */,
				B93692A4292D6D4A00DA9419 /* LaunchScreen.storyboard */,
				B93692A7292D6D4A00DA9419 /* Info.plist */,
				B936929F292D6D4900DA9419 /* GitHub_Watcher.xcdatamodeld */,
			);
			path = "GitHub-Watcher";
			sourceTree = "<group>";
		};
		B950B669293374C700543BB5 /* Network */ = {
			isa = PBXGroup;
			children = (
				B950B6772933A02A00543BB5 /* Parser */,
				B950B67229339B8D00543BB5 /* Requests */,
				B950B66E293376AB00543BB5 /* APIConstants.swift */,
				B950B67029337C3200543BB5 /* NetworkError.swift */,
				B950B67329339BA700543BB5 /* APIManager.swift */,
				B950B67529339E5300543BB5 /* RequestManager.swift */,
			);
			path = Network;
			sourceTree = "<group>";
		};
		B950B67229339B8D00543BB5 /* Requests */ = {
			isa = PBXGroup;
			children = (
				B950B66A2933755D00543BB5 /* RequestProtocol.swift */,
				B950B66C2933756C00543BB5 /* RequestType.swift */,
				B950B67A2933B6BA00543BB5 /* UserRequest.swift */,
				B950B6A029368E3800543BB5 /* RepositoryRequest.swift */,
				B950B6A8293697B000543BB5 /* SearchRequest.swift */,
			);
			path = Requests;
			sourceTree = "<group>";
		};
		B950B6772933A02A00543BB5 /* Parser */ = {
			isa = PBXGroup;
			children = (
				B950B6782933A05400543BB5 /* DataParser.swift */,
			);
			path = Parser;
			sourceTree = "<group>";
		};
		B950B67C2933B97000543BB5 /* Model */ = {
			isa = PBXGroup;
			children = (
				B950B67D2933B9A600543BB5 /* User.swift */,
				B950B67F2933B9BB00543BB5 /* UserReference.swift */,
				B950B6A42936956B00543BB5 /* Repository.swift */,
				B950B6AA293697CE00543BB5 /* SearchResults.swift */,
			);
			path = Model;
			sourceTree = "<group>";
		};
		B950B6862933CA5D00543BB5 /* GitHub-WatcherTests */ = {
			isa = PBXGroup;
			children = (
				B950B6C4293BAD4500543BB5 /* UI */,
				B950B68E2933D1DD00543BB5 /* API */,
			);
			path = "GitHub-WatcherTests";
			sourceTree = "<group>";
		};
		B950B68E2933D1DD00543BB5 /* API */ = {
			isa = PBXGroup;
			children = (
				B950B6962933D95800543BB5 /* Data */,
				B950B68F2933D1F100543BB5 /* Mock */,
				B950B6942933D94D00543BB5 /* RequestManagerTests.swift */,
				B950B69E2935E93300543BB5 /* CreateUrlRequestTests.swift */,
			);
			path = API;
			sourceTree = "<group>";
		};
		B950B68F2933D1F100543BB5 /* Mock */ = {
			isa = PBXGroup;
			children = (
				B950B6902933D21B00543BB5 /* APIManagerMock.swift */,
				B950B6BA293885E400543BB5 /* GetRequestMock.swift */,
			);
			path = Mock;
			sourceTree = "<group>";
		};
		B950B6962933D95800543BB5 /* Data */ = {
			isa = PBXGroup;
			children = (
				B950B6972933D9D000543BB5 /* FollowersMock.json */,
				B950B69B2935E2AE00543BB5 /* UserInfoMock.json */,
				B950B6AC2936A72A00543BB5 /* RepositoryMock.json */,
				B950B6AF2936A74600543BB5 /* RepositoriesMock.json */,
				B950B6B22936A75900543BB5 /* SearchUsersMock.json */,
				B950B6B52936A77B00543BB5 /* SearchRepositoriesMock.json */,
			);
			path = Data;
			sourceTree = "<group>";
		};
		B950B6BC293BA4D500543BB5 /* Screens */ = {
			isa = PBXGroup;
			children = (
				B950B6612930086D00543BB5 /* FavoritesViewController.swift */,
				B950B6632930088800543BB5 /* SearchViewController.swift */,
				B950B6CA293CD77D00543BB5 /* SearchResultsViewController.swift */,
				B950B6DB294520AB00543BB5 /* UserDetailViewController.swift */,
			);
			path = Screens;
			sourceTree = "<group>";
		};
		B950B6BD293BA4E800543BB5 /* Views */ = {
			isa = PBXGroup;
			children = (
				B950B6BE293BA54A00543BB5 /* GWButton.swift */,
				B950B6C2293BAC4C00543BB5 /* GWTextfield.swift */,
				B950B6D52941237900543BB5 /* UserCell.swift */,
				B950B6D72941259A00543BB5 /* GWTitleLabel.swift */,
			);
			path = Views;
			sourceTree = "<group>";
		};
		B950B6C4293BAD4500543BB5 /* UI */ = {
			isa = PBXGroup;
			children = (
				B950B6C5293BAD4E00543BB5 /* Views */,
			);
			path = UI;
			sourceTree = "<group>";
		};
		B950B6C5293BAD4E00543BB5 /* Views */ = {
			isa = PBXGroup;
			children = (
				B950B6C6293BAD8100543BB5 /* GWButtonTests.swift */,
				B950B6C8293BBAD100543BB5 /* GWTextfieldTests.swift */,
				B950B6D92941261100543BB5 /* GWTitleLabelTests.swift */,
			);
			path = Views;
			sourceTree = "<group>";
		};
		B950B6CC293D21D100543BB5 /* Coordinator */ = {
			isa = PBXGroup;
			children = (
				B950B6CD293D21F500543BB5 /* Coordinator.swift */,
				B950B6CF293D22AA00543BB5 /* SearchCoordinator.swift */,
				B950B6D1293DDB6700543BB5 /* FavoritesCoordinator.swift */,
			);
			path = Coordinator;
			sourceTree = "<group>";
		};
/* End PBXGroup section */

/* Begin PBXNativeTarget section */
		B9369292292D6D4900DA9419 /* GitHub-Watcher */ = {
			isa = PBXNativeTarget;
			buildConfigurationList = B93692AA292D6D4A00DA9419 /* Build configuration list for PBXNativeTarget "GitHub-Watcher" */;
			buildPhases = (
				B936928F292D6D4900DA9419 /* Sources */,
				B9369290292D6D4900DA9419 /* Frameworks */,
				B9369291292D6D4900DA9419 /* Resources */,
			);
			buildRules = (
			);
			dependencies = (
			);
			name = "GitHub-Watcher";
			productName = "GitHub-Watcher";
			productReference = B9369293292D6D4900DA9419 /* GitHub-Watcher.app */;
			productType = "com.apple.product-type.application";
		};
		B950B6842933CA5C00543BB5 /* GitHub-WatcherTests */ = {
			isa = PBXNativeTarget;
			buildConfigurationList = B950B68B2933CA5D00543BB5 /* Build configuration list for PBXNativeTarget "GitHub-WatcherTests" */;
			buildPhases = (
				B950B6812933CA5C00543BB5 /* Sources */,
				B950B6822933CA5C00543BB5 /* Frameworks */,
				B950B6832933CA5C00543BB5 /* Resources */,
			);
			buildRules = (
			);
			dependencies = (
				B950B68A2933CA5D00543BB5 /* PBXTargetDependency */,
			);
			name = "GitHub-WatcherTests";
			productName = "GitHub-WatcherTests";
			productReference = B950B6852933CA5D00543BB5 /* GitHub-WatcherTests.xctest */;
			productType = "com.apple.product-type.bundle.unit-test";
		};
/* End PBXNativeTarget section */

/* Begin PBXProject section */
		B936928B292D6D4900DA9419 /* Project object */ = {
			isa = PBXProject;
			attributes = {
				BuildIndependentTargetsInParallel = 1;
				LastSwiftUpdateCheck = 1410;
				LastUpgradeCheck = 1410;
				TargetAttributes = {
					B9369292292D6D4900DA9419 = {
						CreatedOnToolsVersion = 14.1;
					};
					B950B6842933CA5C00543BB5 = {
						CreatedOnToolsVersion = 14.1;
						TestTargetID = B9369292292D6D4900DA9419;
					};
				};
			};
			buildConfigurationList = B936928E292D6D4900DA9419 /* Build configuration list for PBXProject "GitHub-Watcher" */;
			compatibilityVersion = "Xcode 14.0";
			developmentRegion = en;
			hasScannedForEncodings = 0;
			knownRegions = (
				en,
				Base,
			);
			mainGroup = B936928A292D6D4900DA9419;
			productRefGroup = B9369294292D6D4900DA9419 /* Products */;
			projectDirPath = "";
			projectRoot = "";
			targets = (
				B9369292292D6D4900DA9419 /* GitHub-Watcher */,
				B950B6842933CA5C00543BB5 /* GitHub-WatcherTests */,
			);
		};
/* End PBXProject section */

/* Begin PBXResourcesBuildPhase section */
		B9369291292D6D4900DA9419 /* Resources */ = {
			isa = PBXResourcesBuildPhase;
			buildActionMask = 2147483647;
			files = (
				B950B6AD2936A72A00543BB5 /* RepositoryMock.json in Resources */,
				B950B6B02936A74600543BB5 /* RepositoriesMock.json in Resources */,
				B93692A6292D6D4A00DA9419 /* LaunchScreen.storyboard in Resources */,
				B950B6B62936A77B00543BB5 /* SearchRepositoriesMock.json in Resources */,
				B950B69A2935E19D00543BB5 /* FollowersMock.json in Resources */,
				B950B69D2935E2B100543BB5 /* UserInfoMock.json in Resources */,
				B93692A3292D6D4A00DA9419 /* Assets.xcassets in Resources */,
				B950B6B32936A75900543BB5 /* SearchUsersMock.json in Resources */,
			);
			runOnlyForDeploymentPostprocessing = 0;
		};
		B950B6832933CA5C00543BB5 /* Resources */ = {
			isa = PBXResourcesBuildPhase;
			buildActionMask = 2147483647;
			files = (
				B950B69C2935E2AE00543BB5 /* UserInfoMock.json in Resources */,
				B950B6AE2936A72A00543BB5 /* RepositoryMock.json in Resources */,
				B950B6B42936A75900543BB5 /* SearchUsersMock.json in Resources */,
				B950B6B72936A77B00543BB5 /* SearchRepositoriesMock.json in Resources */,
				B950B6982933D9D000543BB5 /* FollowersMock.json in Resources */,
				B950B6B12936A74600543BB5 /* RepositoriesMock.json in Resources */,
			);
			runOnlyForDeploymentPostprocessing = 0;
		};
/* End PBXResourcesBuildPhase section */

/* Begin PBXSourcesBuildPhase section */
		B936928F292D6D4900DA9419 /* Sources */ = {
			isa = PBXSourcesBuildPhase;
			buildActionMask = 2147483647;
			files = (
				B950B67429339BA700543BB5 /* APIManager.swift in Sources */,
				B950B67B2933B6BA00543BB5 /* UserRequest.swift in Sources */,
				B950B6AB293697CE00543BB5 /* SearchResults.swift in Sources */,
				B950B6A9293697B000543BB5 /* SearchRequest.swift in Sources */,
				B950B6642930088800543BB5 /* SearchViewController.swift in Sources */,
				B950B6A129368E3800543BB5 /* RepositoryRequest.swift in Sources */,
				B950B6D2293DDB6700543BB5 /* FavoritesCoordinator.swift in Sources */,
				B950B6D82941259A00543BB5 /* GWTitleLabel.swift in Sources */,
				B950B6802933B9BB00543BB5 /* UserReference.swift in Sources */,
				B950B67629339E5300543BB5 /* RequestManager.swift in Sources */,
				B950B6CE293D21F500543BB5 /* Coordinator.swift in Sources */,
				B9369297292D6D4900DA9419 /* AppDelegate.swift in Sources */,
				B950B6BF293BA54A00543BB5 /* GWButton.swift in Sources */,
				B9369299292D6D4900DA9419 /* SceneDelegate.swift in Sources */,
				B950B6DC294520AB00543BB5 /* UserDetailViewController.swift in Sources */,
				B950B66B2933755D00543BB5 /* RequestProtocol.swift in Sources */,
				B950B66629300A9F00543BB5 /* GWTabBarController.swift in Sources */,
				B950B6A52936956B00543BB5 /* Repository.swift in Sources */,
				B950B67E2933B9A600543BB5 /* User.swift in Sources */,
				B950B66F293376AB00543BB5 /* APIConstants.swift in Sources */,
				B950B6622930086D00543BB5 /* FavoritesViewController.swift in Sources */,
				B950B6D62941237900543BB5 /* UserCell.swift in Sources */,
				B93692A1292D6D4900DA9419 /* GitHub_Watcher.xcdatamodeld in Sources */,
				B950B6CB293CD77D00543BB5 /* SearchResultsViewController.swift in Sources */,
				B950B67129337C3200543BB5 /* NetworkError.swift in Sources */,
				B950B6D0293D22AA00543BB5 /* SearchCoordinator.swift in Sources */,
				B950B6792933A05400543BB5 /* DataParser.swift in Sources */,
				B950B66D2933756C00543BB5 /* RequestType.swift in Sources */,
				B950B6C3293BAC4C00543BB5 /* GWTextfield.swift in Sources */,
			);
			runOnlyForDeploymentPostprocessing = 0;
		};
		B950B6812933CA5C00543BB5 /* Sources */ = {
			isa = PBXSourcesBuildPhase;
			buildActionMask = 2147483647;
			files = (
				B950B6DA2941261100543BB5 /* GWTitleLabelTests.swift in Sources */,
				B950B6912933D21B00543BB5 /* APIManagerMock.swift in Sources */,
				B950B6952933D94D00543BB5 /* RequestManagerTests.swift in Sources */,
				B950B69F2935E93300543BB5 /* CreateUrlRequestTests.swift in Sources */,
				B950B6C9293BBAD100543BB5 /* GWTextfieldTests.swift in Sources */,
				B950B6C7293BAD8100543BB5 /* GWButtonTests.swift in Sources */,
				B950B6BB293885E400543BB5 /* GetRequestMock.swift in Sources */,
			);
			runOnlyForDeploymentPostprocessing = 0;
		};
/* End PBXSourcesBuildPhase section */

/* Begin PBXTargetDependency section */
		B950B68A2933CA5D00543BB5 /* PBXTargetDependency */ = {
			isa = PBXTargetDependency;
			target = B9369292292D6D4900DA9419 /* GitHub-Watcher */;
			targetProxy = B950B6892933CA5D00543BB5 /* PBXContainerItemProxy */;
		};
/* End PBXTargetDependency section */

/* Begin PBXVariantGroup section */
		B93692A4292D6D4A00DA9419 /* LaunchScreen.storyboard */ = {
			isa = PBXVariantGroup;
			children = (
				B93692A5292D6D4A00DA9419 /* Base */,
			);
			name = LaunchScreen.storyboard;
			sourceTree = "<group>";
		};
/* End PBXVariantGroup section */

/* Begin XCBuildConfiguration section */
		B93692A8292D6D4A00DA9419 /* Debug */ = {
			isa = XCBuildConfiguration;
			buildSettings = {
				ALWAYS_SEARCH_USER_PATHS = NO;
				CLANG_ANALYZER_NONNULL = YES;
				CLANG_ANALYZER_NUMBER_OBJECT_CONVERSION = YES_AGGRESSIVE;
				CLANG_CXX_LANGUAGE_STANDARD = "gnu++20";
				CLANG_ENABLE_MODULES = YES;
				CLANG_ENABLE_OBJC_ARC = YES;
				CLANG_ENABLE_OBJC_WEAK = YES;
				CLANG_WARN_BLOCK_CAPTURE_AUTORELEASING = YES;
				CLANG_WARN_BOOL_CONVERSION = YES;
				CLANG_WARN_COMMA = YES;
				CLANG_WARN_CONSTANT_CONVERSION = YES;
				CLANG_WARN_DEPRECATED_OBJC_IMPLEMENTATIONS = YES;
				CLANG_WARN_DIRECT_OBJC_ISA_USAGE = YES_ERROR;
				CLANG_WARN_DOCUMENTATION_COMMENTS = YES;
				CLANG_WARN_EMPTY_BODY = YES;
				CLANG_WARN_ENUM_CONVERSION = YES;
				CLANG_WARN_INFINITE_RECURSION = YES;
				CLANG_WARN_INT_CONVERSION = YES;
				CLANG_WARN_NON_LITERAL_NULL_CONVERSION = YES;
				CLANG_WARN_OBJC_IMPLICIT_RETAIN_SELF = YES;
				CLANG_WARN_OBJC_LITERAL_CONVERSION = YES;
				CLANG_WARN_OBJC_ROOT_CLASS = YES_ERROR;
				CLANG_WARN_QUOTED_INCLUDE_IN_FRAMEWORK_HEADER = YES;
				CLANG_WARN_RANGE_LOOP_ANALYSIS = YES;
				CLANG_WARN_STRICT_PROTOTYPES = YES;
				CLANG_WARN_SUSPICIOUS_MOVE = YES;
				CLANG_WARN_UNGUARDED_AVAILABILITY = YES_AGGRESSIVE;
				CLANG_WARN_UNREACHABLE_CODE = YES;
				CLANG_WARN__DUPLICATE_METHOD_MATCH = YES;
				COPY_PHASE_STRIP = NO;
				DEBUG_INFORMATION_FORMAT = dwarf;
				ENABLE_STRICT_OBJC_MSGSEND = YES;
				ENABLE_TESTABILITY = YES;
				GCC_C_LANGUAGE_STANDARD = gnu11;
				GCC_DYNAMIC_NO_PIC = NO;
				GCC_NO_COMMON_BLOCKS = YES;
				GCC_OPTIMIZATION_LEVEL = 0;
				GCC_PREPROCESSOR_DEFINITIONS = (
					"DEBUG=1",
					"$(inherited)",
				);
				GCC_WARN_64_TO_32_BIT_CONVERSION = YES;
				GCC_WARN_ABOUT_RETURN_TYPE = YES_ERROR;
				GCC_WARN_UNDECLARED_SELECTOR = YES;
				GCC_WARN_UNINITIALIZED_AUTOS = YES_AGGRESSIVE;
				GCC_WARN_UNUSED_FUNCTION = YES;
				GCC_WARN_UNUSED_VARIABLE = YES;
				IPHONEOS_DEPLOYMENT_TARGET = 16.1;
				MTL_ENABLE_DEBUG_INFO = INCLUDE_SOURCE;
				MTL_FAST_MATH = YES;
				ONLY_ACTIVE_ARCH = YES;
				SDKROOT = iphoneos;
				SWIFT_ACTIVE_COMPILATION_CONDITIONS = DEBUG;
				SWIFT_OPTIMIZATION_LEVEL = "-Onone";
			};
			name = Debug;
		};
		B93692A9292D6D4A00DA9419 /* Release */ = {
			isa = XCBuildConfiguration;
			buildSettings = {
				ALWAYS_SEARCH_USER_PATHS = NO;
				CLANG_ANALYZER_NONNULL = YES;
				CLANG_ANALYZER_NUMBER_OBJECT_CONVERSION = YES_AGGRESSIVE;
				CLANG_CXX_LANGUAGE_STANDARD = "gnu++20";
				CLANG_ENABLE_MODULES = YES;
				CLANG_ENABLE_OBJC_ARC = YES;
				CLANG_ENABLE_OBJC_WEAK = YES;
				CLANG_WARN_BLOCK_CAPTURE_AUTORELEASING = YES;
				CLANG_WARN_BOOL_CONVERSION = YES;
				CLANG_WARN_COMMA = YES;
				CLANG_WARN_CONSTANT_CONVERSION = YES;
				CLANG_WARN_DEPRECATED_OBJC_IMPLEMENTATIONS = YES;
				CLANG_WARN_DIRECT_OBJC_ISA_USAGE = YES_ERROR;
				CLANG_WARN_DOCUMENTATION_COMMENTS = YES;
				CLANG_WARN_EMPTY_BODY = YES;
				CLANG_WARN_ENUM_CONVERSION = YES;
				CLANG_WARN_INFINITE_RECURSION = YES;
				CLANG_WARN_INT_CONVERSION = YES;
				CLANG_WARN_NON_LITERAL_NULL_CONVERSION = YES;
				CLANG_WARN_OBJC_IMPLICIT_RETAIN_SELF = YES;
				CLANG_WARN_OBJC_LITERAL_CONVERSION = YES;
				CLANG_WARN_OBJC_ROOT_CLASS = YES_ERROR;
				CLANG_WARN_QUOTED_INCLUDE_IN_FRAMEWORK_HEADER = YES;
				CLANG_WARN_RANGE_LOOP_ANALYSIS = YES;
				CLANG_WARN_STRICT_PROTOTYPES = YES;
				CLANG_WARN_SUSPICIOUS_MOVE = YES;
				CLANG_WARN_UNGUARDED_AVAILABILITY = YES_AGGRESSIVE;
				CLANG_WARN_UNREACHABLE_CODE = YES;
				CLANG_WARN__DUPLICATE_METHOD_MATCH = YES;
				COPY_PHASE_STRIP = NO;
				DEBUG_INFORMATION_FORMAT = "dwarf-with-dsym";
				ENABLE_NS_ASSERTIONS = NO;
				ENABLE_STRICT_OBJC_MSGSEND = YES;
				GCC_C_LANGUAGE_STANDARD = gnu11;
				GCC_NO_COMMON_BLOCKS = YES;
				GCC_WARN_64_TO_32_BIT_CONVERSION = YES;
				GCC_WARN_ABOUT_RETURN_TYPE = YES_ERROR;
				GCC_WARN_UNDECLARED_SELECTOR = YES;
				GCC_WARN_UNINITIALIZED_AUTOS = YES_AGGRESSIVE;
				GCC_WARN_UNUSED_FUNCTION = YES;
				GCC_WARN_UNUSED_VARIABLE = YES;
				IPHONEOS_DEPLOYMENT_TARGET = 16.1;
				MTL_ENABLE_DEBUG_INFO = NO;
				MTL_FAST_MATH = YES;
				SDKROOT = iphoneos;
				SWIFT_COMPILATION_MODE = wholemodule;
				SWIFT_OPTIMIZATION_LEVEL = "-O";
				VALIDATE_PRODUCT = YES;
			};
			name = Release;
		};
		B93692AB292D6D4A00DA9419 /* Debug */ = {
			isa = XCBuildConfiguration;
			buildSettings = {
				ASSETCATALOG_COMPILER_APPICON_NAME = AppIcon;
				ASSETCATALOG_COMPILER_GLOBAL_ACCENT_COLOR_NAME = AccentColor;
				CODE_SIGN_STYLE = Automatic;
				CURRENT_PROJECT_VERSION = 1;
				DEVELOPMENT_TEAM = 8MD4CZRYZD;
				GENERATE_INFOPLIST_FILE = YES;
				INFOPLIST_FILE = "GitHub-Watcher/Info.plist";
				INFOPLIST_KEY_UIApplicationSupportsIndirectInputEvents = YES;
				INFOPLIST_KEY_UILaunchStoryboardName = LaunchScreen;
				INFOPLIST_KEY_UISupportedInterfaceOrientations = UIInterfaceOrientationPortrait;
				INFOPLIST_KEY_UISupportedInterfaceOrientations_iPad = "UIInterfaceOrientationLandscapeLeft UIInterfaceOrientationLandscapeRight UIInterfaceOrientationPortrait UIInterfaceOrientationPortraitUpsideDown";
				LD_RUNPATH_SEARCH_PATHS = (
					"$(inherited)",
					"@executable_path/Frameworks",
				);
				MARKETING_VERSION = 1.0;
				PRODUCT_BUNDLE_IDENTIFIER = "com.jschenkemeyer.demo.GitHub-Watcher";
				PRODUCT_NAME = "$(TARGET_NAME)";
				SUPPORTED_PLATFORMS = "iphoneos iphonesimulator";
				SUPPORTS_MACCATALYST = NO;
				SUPPORTS_MAC_DESIGNED_FOR_IPHONE_IPAD = NO;
				SWIFT_EMIT_LOC_STRINGS = YES;
				SWIFT_VERSION = 5.0;
				TARGETED_DEVICE_FAMILY = 1;
			};
			name = Debug;
		};
		B93692AC292D6D4A00DA9419 /* Release */ = {
			isa = XCBuildConfiguration;
			buildSettings = {
				ASSETCATALOG_COMPILER_APPICON_NAME = AppIcon;
				ASSETCATALOG_COMPILER_GLOBAL_ACCENT_COLOR_NAME = AccentColor;
				CODE_SIGN_STYLE = Automatic;
				CURRENT_PROJECT_VERSION = 1;
				DEVELOPMENT_TEAM = 8MD4CZRYZD;
				GENERATE_INFOPLIST_FILE = YES;
				INFOPLIST_FILE = "GitHub-Watcher/Info.plist";
				INFOPLIST_KEY_UIApplicationSupportsIndirectInputEvents = YES;
				INFOPLIST_KEY_UILaunchStoryboardName = LaunchScreen;
				INFOPLIST_KEY_UISupportedInterfaceOrientations = UIInterfaceOrientationPortrait;
				INFOPLIST_KEY_UISupportedInterfaceOrientations_iPad = "UIInterfaceOrientationLandscapeLeft UIInterfaceOrientationLandscapeRight UIInterfaceOrientationPortrait UIInterfaceOrientationPortraitUpsideDown";
				LD_RUNPATH_SEARCH_PATHS = (
					"$(inherited)",
					"@executable_path/Frameworks",
				);
				MARKETING_VERSION = 1.0;
				PRODUCT_BUNDLE_IDENTIFIER = "com.jschenkemeyer.demo.GitHub-Watcher";
				PRODUCT_NAME = "$(TARGET_NAME)";
				SUPPORTED_PLATFORMS = "iphoneos iphonesimulator";
				SUPPORTS_MACCATALYST = NO;
				SUPPORTS_MAC_DESIGNED_FOR_IPHONE_IPAD = NO;
				SWIFT_EMIT_LOC_STRINGS = YES;
				SWIFT_VERSION = 5.0;
				TARGETED_DEVICE_FAMILY = 1;
			};
			name = Release;
		};
		B950B68C2933CA5D00543BB5 /* Debug */ = {
			isa = XCBuildConfiguration;
			buildSettings = {
				BUNDLE_LOADER = "$(TEST_HOST)";
				CODE_SIGN_STYLE = Automatic;
				CURRENT_PROJECT_VERSION = 1;
				DEVELOPMENT_TEAM = 8MD4CZRYZD;
				GENERATE_INFOPLIST_FILE = YES;
				MARKETING_VERSION = 1.0;
				PRODUCT_BUNDLE_IDENTIFIER = "com.jschenkemeyer.demo.GitHub-WatcherTests";
				PRODUCT_NAME = "$(TARGET_NAME)";
				SWIFT_EMIT_LOC_STRINGS = NO;
				SWIFT_VERSION = 5.0;
				TARGETED_DEVICE_FAMILY = "1,2";
				TEST_HOST = "$(BUILT_PRODUCTS_DIR)/GitHub-Watcher.app/$(BUNDLE_EXECUTABLE_FOLDER_PATH)/GitHub-Watcher";
			};
			name = Debug;
		};
		B950B68D2933CA5D00543BB5 /* Release */ = {
			isa = XCBuildConfiguration;
			buildSettings = {
				BUNDLE_LOADER = "$(TEST_HOST)";
				CODE_SIGN_STYLE = Automatic;
				CURRENT_PROJECT_VERSION = 1;
				DEVELOPMENT_TEAM = 8MD4CZRYZD;
				GENERATE_INFOPLIST_FILE = YES;
				MARKETING_VERSION = 1.0;
				PRODUCT_BUNDLE_IDENTIFIER = "com.jschenkemeyer.demo.GitHub-WatcherTests";
				PRODUCT_NAME = "$(TARGET_NAME)";
				SWIFT_EMIT_LOC_STRINGS = NO;
				SWIFT_VERSION = 5.0;
				TARGETED_DEVICE_FAMILY = "1,2";
				TEST_HOST = "$(BUILT_PRODUCTS_DIR)/GitHub-Watcher.app/$(BUNDLE_EXECUTABLE_FOLDER_PATH)/GitHub-Watcher";
			};
			name = Release;
		};
/* End XCBuildConfiguration section */

/* Begin XCConfigurationList section */
		B936928E292D6D4900DA9419 /* Build configuration list for PBXProject "GitHub-Watcher" */ = {
			isa = XCConfigurationList;
			buildConfigurations = (
				B93692A8292D6D4A00DA9419 /* Debug */,
				B93692A9292D6D4A00DA9419 /* Release */,
			);
			defaultConfigurationIsVisible = 0;
			defaultConfigurationName = Release;
		};
		B93692AA292D6D4A00DA9419 /* Build configuration list for PBXNativeTarget "GitHub-Watcher" */ = {
			isa = XCConfigurationList;
			buildConfigurations = (
				B93692AB292D6D4A00DA9419 /* Debug */,
				B93692AC292D6D4A00DA9419 /* Release */,
			);
			defaultConfigurationIsVisible = 0;
			defaultConfigurationName = Release;
		};
		B950B68B2933CA5D00543BB5 /* Build configuration list for PBXNativeTarget "GitHub-WatcherTests" */ = {
			isa = XCConfigurationList;
			buildConfigurations = (
				B950B68C2933CA5D00543BB5 /* Debug */,
				B950B68D2933CA5D00543BB5 /* Release */,
			);
			defaultConfigurationIsVisible = 0;
			defaultConfigurationName = Release;
		};
/* End XCConfigurationList section */

/* Begin XCVersionGroup section */
		B936929F292D6D4900DA9419 /* GitHub_Watcher.xcdatamodeld */ = {
			isa = XCVersionGroup;
			children = (
				B93692A0292D6D4900DA9419 /* GitHub_Watcher.xcdatamodel */,
			);
			currentVersion = B93692A0292D6D4900DA9419 /* GitHub_Watcher.xcdatamodel */;
			path = GitHub_Watcher.xcdatamodeld;
			sourceTree = "<group>";
			versionGroupType = wrapper.xcdatamodel;
		};
/* End XCVersionGroup section */
	};
	rootObject = B936928B292D6D4900DA9419 /* Project object */;
}
